
Microsoft Visual Studio Solution File, Format Version 12.00
# Visual Studio Version 17
VisualStudioVersion = 17.13.35919.96 d17.13
MinimumVisualStudioVersion = 10.0.40219.1
Project("{FAE04EC0-301F-11D3-BF4B-00C04F79EFBC}") = "DolgozoProjektAsztal", "DolgozoProjektAsztal\DolgozoProjektAsztal.csproj", "{22ACAB7C-A399-49AD-A0D9-3FA8C875C754}"
EndProject
Project("{FAE04EC0-301F-11D3-BF4B-00C04F79EFBC}") = "DolgozoProjektKonzol", "..\DolgozoProjektKonzol\DolgozoProjektKonzol\DolgozoProjektKonzol.csproj", "{FE74814F-23CB-4611-F959-1775C3F2DAE9}"
EndProject
Global
	GlobalSection(SolutionConfigurationPlatforms) = preSolution
		Debug|Any CPU = Debug|Any CPU
		Release|Any CPU = Release|Any CPU
	EndGlobalSection
	GlobalSection(ProjectConfigurationPlatforms) = postSolution
		{22ACAB7C-A399-49AD-A0D9-3FA8C875C754}.Debug|Any CPU.ActiveCfg = Debug|Any CPU
		{22ACAB7C-A399-49AD-A0D9-3FA8C875C754}.Debug|Any CPU.Build.0 = Debug|Any CPU
		{22ACAB7C-A399-49AD-A0D9-3FA8C875C754}.Release|Any CPU.ActiveCfg = Release|Any CPU
		{22ACAB7C-A399-49AD-A0D9-3FA8C875C754}.Release|Any CPU.Build.0 = Release|Any CPU
		{FE74814F-23CB-4611-F959-1775C3F2DAE9}.Debug|Any CPU.ActiveCfg = Debug|Any CPU
		{FE74814F-23CB-4611-F959-1775C3F2DAE9}.Debug|Any CPU.Build.0 = Debug|Any CPU
		{FE74814F-23CB-4611-F959-1775C3F2DAE9}.Release|Any CPU.ActiveCfg = Release|Any CPU
		{FE74814F-23CB-4611-F959-1775C3F2DAE9}.Release|Any CPU.Build.0 = Release|Any CPU
	EndGlobalSection
	GlobalSection(SolutionProperties) = preSolution
		HideSolutionNode = FALSE
	EndGlobalSection
	GlobalSection(ExtensibilityGlobals) = postSolution
		SolutionGuid = {69DE76A4-47E8-4E12-9F96-76FE28E2F3DD}
	EndGlobalSection
EndGlobal
